// !$*UTF8*$!
{
	archiveVersion = 1;
	classes = {
	};
	objectVersion = 50;
	objects = {

/* Begin PBXBuildFile section */
		EE31560C250F8AE200CAD3FD /* PreimageContext.cpp in Sources */ = {isa = PBXBuildFile; fileRef = EE31560A250F8AE200CAD3FD /* PreimageContext.cpp */; };
		EE31560F250F92D000CAD3FD /* Util.cpp in Sources */ = {isa = PBXBuildFile; fileRef = EE31560D250F92D000CAD3FD /* Util.cpp */; };
		EE31562925100B0700CAD3FD /* libSimdHash.dylib in Frameworks */ = {isa = PBXBuildFile; fileRef = EE31562825100B0700CAD3FD /* libSimdHash.dylib */; };
		EEA88ABC250E9FFD008D06ED /* main.cpp in Sources */ = {isa = PBXBuildFile; fileRef = EEA88ABB250E9FFD008D06ED /* main.cpp */; };
/* End PBXBuildFile section */

/* Begin PBXCopyFilesBuildPhase section */
		EEA88AB6250E9FFD008D06ED /* CopyFiles */ = {
			isa = PBXCopyFilesBuildPhase;
			buildActionMask = 2147483647;
			dstPath = /usr/share/man/man1/;
			dstSubfolderSpec = 0;
			files = (
			);
			runOnlyForDeploymentPostprocessing = 1;
		};
/* End PBXCopyFilesBuildPhase section */

/* Begin PBXFileReference section */
		EE31560A250F8AE200CAD3FD /* PreimageContext.cpp */ = {isa = PBXFileReference; lastKnownFileType = sourcecode.cpp.cpp; path = PreimageContext.cpp; sourceTree = "<group>"; };
		EE31560B250F8AE200CAD3FD /* PreimageContext.hpp */ = {isa = PBXFileReference; lastKnownFileType = sourcecode.cpp.h; path = PreimageContext.hpp; sourceTree = "<group>"; };
		EE31560D250F92D000CAD3FD /* Util.cpp */ = {isa = PBXFileReference; lastKnownFileType = sourcecode.cpp.cpp; path = Util.cpp; sourceTree = "<group>"; };
		EE31560E250F92D000CAD3FD /* Util.hpp */ = {isa = PBXFileReference; lastKnownFileType = sourcecode.cpp.h; path = Util.hpp; sourceTree = "<group>"; };
		EE31562825100B0700CAD3FD /* libSimdHash.dylib */ = {isa = PBXFileReference; lastKnownFileType = "compiled.mach-o.dylib"; name = libSimdHash.dylib; path = ../../../../usr/local/lib/libSimdHash.dylib; sourceTree = "<group>"; };
		EEA88AB8250E9FFD008D06ED /* SimdCrack */ = {isa = PBXFileReference; explicitFileType = "compiled.mach-o.executable"; includeInIndex = 0; path = SimdCrack; sourceTree = BUILT_PRODUCTS_DIR; };
		EEA88ABB250E9FFD008D06ED /* main.cpp */ = {isa = PBXFileReference; lastKnownFileType = sourcecode.cpp.cpp; path = main.cpp; sourceTree = "<group>"; };
/* End PBXFileReference section */

/* Begin PBXFrameworksBuildPhase section */
		EEA88AB5250E9FFD008D06ED /* Frameworks */ = {
			isa = PBXFrameworksBuildPhase;
			buildActionMask = 2147483647;
			files = (
				EE31562925100B0700CAD3FD /* libSimdHash.dylib in Frameworks */,
			);
			runOnlyForDeploymentPostprocessing = 0;
		};
/* End PBXFrameworksBuildPhase section */

/* Begin PBXGroup section */
		EE3156202510020D00CAD3FD /* Libraries */ = {
			isa = PBXGroup;
			children = (
			);
			path = Libraries;
			sourceTree = "<group>";
		};
		EE31562725100B0700CAD3FD /* Frameworks */ = {
			isa = PBXGroup;
			children = (
				EE31562825100B0700CAD3FD /* libSimdHash.dylib */,
			);
			name = Frameworks;
			sourceTree = "<group>";
		};
		EEA88AAF250E9FFD008D06ED = {
			isa = PBXGroup;
			children = (
				EE3156202510020D00CAD3FD /* Libraries */,
				EEA88ABA250E9FFD008D06ED /* SimdCrack */,
				EEA88AB9250E9FFD008D06ED /* Products */,
				EE31562725100B0700CAD3FD /* Frameworks */,
			);
			sourceTree = "<group>";
		};
		EEA88AB9250E9FFD008D06ED /* Products */ = {
			isa = PBXGroup;
			children = (
				EEA88AB8250E9FFD008D06ED /* SimdCrack */,
			);
			name = Products;
			sourceTree = "<group>";
		};
		EEA88ABA250E9FFD008D06ED /* SimdCrack */ = {
			isa = PBXGroup;
			children = (
				EEA88ABB250E9FFD008D06ED /* main.cpp */,
				EE31560A250F8AE200CAD3FD /* PreimageContext.cpp */,
				EE31560B250F8AE200CAD3FD /* PreimageContext.hpp */,
				EE31560D250F92D000CAD3FD /* Util.cpp */,
				EE31560E250F92D000CAD3FD /* Util.hpp */,
			);
			path = SimdCrack;
			sourceTree = "<group>";
		};
/* End PBXGroup section */

/* Begin PBXNativeTarget section */
		EEA88AB7250E9FFD008D06ED /* SimdCrack */ = {
			isa = PBXNativeTarget;
			buildConfigurationList = EEA88ABF250E9FFD008D06ED /* Build configuration list for PBXNativeTarget "SimdCrack" */;
			buildPhases = (
				EEA88AB4250E9FFD008D06ED /* Sources */,
				EEA88AB5250E9FFD008D06ED /* Frameworks */,
				EEA88AB6250E9FFD008D06ED /* CopyFiles */,
			);
			buildRules = (
			);
			dependencies = (
			);
			name = SimdCrack;
			productName = SimdCrack;
			productReference = EEA88AB8250E9FFD008D06ED /* SimdCrack */;
			productType = "com.apple.product-type.tool";
		};
/* End PBXNativeTarget section */

/* Begin PBXProject section */
		EEA88AB0250E9FFD008D06ED /* Project object */ = {
			isa = PBXProject;
			attributes = {
				LastUpgradeCheck = 1160;
				ORGANIZATIONNAME = Kryc;
				TargetAttributes = {
					EEA88AB7250E9FFD008D06ED = {
						CreatedOnToolsVersion = 11.6;
					};
				};
			};
			buildConfigurationList = EEA88AB3250E9FFD008D06ED /* Build configuration list for PBXProject "SimdCrack" */;
			compatibilityVersion = "Xcode 9.3";
			developmentRegion = en;
			hasScannedForEncodings = 0;
			knownRegions = (
				en,
				Base,
			);
			mainGroup = EEA88AAF250E9FFD008D06ED;
			productRefGroup = EEA88AB9250E9FFD008D06ED /* Products */;
			projectDirPath = "";
			projectRoot = "";
			targets = (
				EEA88AB7250E9FFD008D06ED /* SimdCrack */,
			);
		};
/* End PBXProject section */

/* Begin PBXSourcesBuildPhase section */
		EEA88AB4250E9FFD008D06ED /* Sources */ = {
			isa = PBXSourcesBuildPhase;
			buildActionMask = 2147483647;
			files = (
				EE31560F250F92D000CAD3FD /* Util.cpp in Sources */,
				EEA88ABC250E9FFD008D06ED /* main.cpp in Sources */,
				EE31560C250F8AE200CAD3FD /* PreimageContext.cpp in Sources */,
			);
			runOnlyForDeploymentPostprocessing = 0;
		};
/* End PBXSourcesBuildPhase section */

/* Begin XCBuildConfiguration section */
		EEA88ABD250E9FFD008D06ED /* Debug */ = {
			isa = XCBuildConfiguration;
			buildSettings = {
				ALWAYS_SEARCH_USER_PATHS = NO;
				CLANG_ANALYZER_NONNULL = YES;
				CLANG_ANALYZER_NUMBER_OBJECT_CONVERSION = YES_AGGRESSIVE;
				CLANG_CXX_LANGUAGE_STANDARD = "gnu++14";
				CLANG_CXX_LIBRARY = "libc++";
				CLANG_ENABLE_MODULES = YES;
				CLANG_ENABLE_OBJC_ARC = YES;
				CLANG_ENABLE_OBJC_WEAK = YES;
				CLANG_WARN_BLOCK_CAPTURE_AUTORELEASING = YES;
				CLANG_WARN_BOOL_CONVERSION = YES;
				CLANG_WARN_COMMA = YES;
				CLANG_WARN_CONSTANT_CONVERSION = YES;
				CLANG_WARN_DEPRECATED_OBJC_IMPLEMENTATIONS = YES;
				CLANG_WARN_DIRECT_OBJC_ISA_USAGE = YES_ERROR;
				CLANG_WARN_DOCUMENTATION_COMMENTS = YES;
				CLANG_WARN_EMPTY_BODY = YES;
				CLANG_WARN_ENUM_CONVERSION = YES;
				CLANG_WARN_INFINITE_RECURSION = YES;
				CLANG_WARN_INT_CONVERSION = YES;
				CLANG_WARN_NON_LITERAL_NULL_CONVERSION = YES;
				CLANG_WARN_OBJC_IMPLICIT_RETAIN_SELF = YES;
				CLANG_WARN_OBJC_LITERAL_CONVERSION = YES;
				CLANG_WARN_OBJC_ROOT_CLASS = YES_ERROR;
				CLANG_WARN_RANGE_LOOP_ANALYSIS = YES;
				CLANG_WARN_STRICT_PROTOTYPES = YES;
				CLANG_WARN_SUSPICIOUS_MOVE = YES;
				CLANG_WARN_UNGUARDED_AVAILABILITY = YES_AGGRESSIVE;
				CLANG_WARN_UNREACHABLE_CODE = YES;
				CLANG_WARN__DUPLICATE_METHOD_MATCH = YES;
				COPY_PHASE_STRIP = NO;
				DEBUG_INFORMATION_FORMAT = dwarf;
				ENABLE_STRICT_OBJC_MSGSEND = YES;
				ENABLE_TESTABILITY = YES;
				GCC_C_LANGUAGE_STANDARD = gnu11;
				GCC_DYNAMIC_NO_PIC = NO;
				GCC_NO_COMMON_BLOCKS = YES;
				GCC_OPTIMIZATION_LEVEL = 0;
				GCC_PREPROCESSOR_DEFINITIONS = (
					"DEBUG=1",
					"$(inherited)",
				);
				GCC_WARN_64_TO_32_BIT_CONVERSION = YES;
				GCC_WARN_ABOUT_RETURN_TYPE = YES_ERROR;
				GCC_WARN_UNDECLARED_SELECTOR = YES;
				GCC_WARN_UNINITIALIZED_AUTOS = YES_AGGRESSIVE;
				GCC_WARN_UNUSED_FUNCTION = YES;
				GCC_WARN_UNUSED_VARIABLE = YES;
				HEADER_SEARCH_PATHS = ../SimdHash/SimdHash;
				MACOSX_DEPLOYMENT_TARGET = 10.15;
				MTL_ENABLE_DEBUG_INFO = INCLUDE_SOURCE;
				MTL_FAST_MATH = YES;
				ONLY_ACTIVE_ARCH = YES;
				SDKROOT = macosx;
			};
			name = Debug;
		};
		EEA88ABE250E9FFD008D06ED /* Release */ = {
			isa = XCBuildConfiguration;
			buildSettings = {
				ALWAYS_SEARCH_USER_PATHS = NO;
				CLANG_ANALYZER_NONNULL = YES;
				CLANG_ANALYZER_NUMBER_OBJECT_CONVERSION = YES_AGGRESSIVE;
				CLANG_CXX_LANGUAGE_STANDARD = "gnu++14";
				CLANG_CXX_LIBRARY = "libc++";
				CLANG_ENABLE_MODULES = YES;
				CLANG_ENABLE_OBJC_ARC = YES;
				CLANG_ENABLE_OBJC_WEAK = YES;
				CLANG_WARN_BLOCK_CAPTURE_AUTORELEASING = YES;
				CLANG_WARN_BOOL_CONVERSION = YES;
				CLANG_WARN_COMMA = YES;
				CLANG_WARN_CONSTANT_CONVERSION = YES;
				CLANG_WARN_DEPRECATED_OBJC_IMPLEMENTATIONS = YES;
				CLANG_WARN_DIRECT_OBJC_ISA_USAGE = YES_ERROR;
				CLANG_WARN_DOCUMENTATION_COMMENTS = YES;
				CLANG_WARN_EMPTY_BODY = YES;
				CLANG_WARN_ENUM_CONVERSION = YES;
				CLANG_WARN_INFINITE_RECURSION = YES;
				CLANG_WARN_INT_CONVERSION = YES;
				CLANG_WARN_NON_LITERAL_NULL_CONVERSION = YES;
				CLANG_WARN_OBJC_IMPLICIT_RETAIN_SELF = YES;
				CLANG_WARN_OBJC_LITERAL_CONVERSION = YES;
				CLANG_WARN_OBJC_ROOT_CLASS = YES_ERROR;
				CLANG_WARN_RANGE_LOOP_ANALYSIS = YES;
				CLANG_WARN_STRICT_PROTOTYPES = YES;
				CLANG_WARN_SUSPICIOUS_MOVE = YES;
				CLANG_WARN_UNGUARDED_AVAILABILITY = YES_AGGRESSIVE;
				CLANG_WARN_UNREACHABLE_CODE = YES;
				CLANG_WARN__DUPLICATE_METHOD_MATCH = YES;
				COPY_PHASE_STRIP = NO;
				DEBUG_INFORMATION_FORMAT = "dwarf-with-dsym";
				ENABLE_NS_ASSERTIONS = NO;
				ENABLE_STRICT_OBJC_MSGSEND = YES;
				GCC_C_LANGUAGE_STANDARD = gnu11;
				GCC_NO_COMMON_BLOCKS = YES;
				GCC_WARN_64_TO_32_BIT_CONVERSION = YES;
				GCC_WARN_ABOUT_RETURN_TYPE = YES_ERROR;
				GCC_WARN_UNDECLARED_SELECTOR = YES;
				GCC_WARN_UNINITIALIZED_AUTOS = YES_AGGRESSIVE;
				GCC_WARN_UNUSED_FUNCTION = YES;
				GCC_WARN_UNUSED_VARIABLE = YES;
				HEADER_SEARCH_PATHS = ../SimdHash/SimdHash;
				MACOSX_DEPLOYMENT_TARGET = 10.15;
				MTL_ENABLE_DEBUG_INFO = NO;
				MTL_FAST_MATH = YES;
				SDKROOT = macosx;
			};
			name = Release;
		};
		EEA88AC0250E9FFD008D06ED /* Debug */ = {
			isa = XCBuildConfiguration;
			buildSettings = {
				CLANG_CXX_LANGUAGE_STANDARD = "gnu++17";
				CODE_SIGN_STYLE = Automatic;
				HEADER_SEARCH_PATHS = /usr/local/include;
				LIBRARY_SEARCH_PATHS = /usr/local/lib;
				PRODUCT_NAME = "$(TARGET_NAME)";
			};
			name = Debug;
		};
		EEA88AC1250E9FFD008D06ED /* Release */ = {
			isa = XCBuildConfiguration;
			buildSettings = {
				CLANG_CXX_LANGUAGE_STANDARD = "gnu++17";
				CODE_SIGN_STYLE = Automatic;
				HEADER_SEARCH_PATHS = /usr/local/include;
				LIBRARY_SEARCH_PATHS = /usr/local/lib;
				PRODUCT_NAME = "$(TARGET_NAME)";
			};
			name = Release;
		};
/* End XCBuildConfiguration section */

/* Begin XCConfigurationList section */
		EEA88AB3250E9FFD008D06ED /* Build configuration list for PBXProject "SimdCrack" */ = {
			isa = XCConfigurationList;
			buildConfigurations = (
				EEA88ABD250E9FFD008D06ED /* Debug */,
				EEA88ABE250E9FFD008D06ED /* Release */,
			);
			defaultConfigurationIsVisible = 0;
			defaultConfigurationName = Release;
		};
		EEA88ABF250E9FFD008D06ED /* Build configuration list for PBXNativeTarget "SimdCrack" */ = {
			isa = XCConfigurationList;
			buildConfigurations = (
				EEA88AC0250E9FFD008D06ED /* Debug */,
				EEA88AC1250E9FFD008D06ED /* Release */,
			);
			defaultConfigurationIsVisible = 0;
			defaultConfigurationName = Release;
		};
/* End XCConfigurationList section */
	};
	rootObject = EEA88AB0250E9FFD008D06ED /* Project object */;
}
